// !$*UTF8*$!
{
	archiveVersion = 1;
	classes = {
	};
	objectVersion = 46;
	objects = {

/* Begin PBXBuildFile section */
		15B829BF159B207600AB3C7C /* SenTestingKit.framework in Frameworks */ = {isa = PBXBuildFile; fileRef = 15B829BE159B207600AB3C7C /* SenTestingKit.framework */; };
		15B829C1159B207600AB3C7C /* UIKit.framework in Frameworks */ = {isa = PBXBuildFile; fileRef = 15B829C0159B207600AB3C7C /* UIKit.framework */; };
		15B829C3159B207600AB3C7C /* Foundation.framework in Frameworks */ = {isa = PBXBuildFile; fileRef = 15B829C2159B207600AB3C7C /* Foundation.framework */; };
		15B829C9159B207600AB3C7C /* InfoPlist.strings in Resources */ = {isa = PBXBuildFile; fileRef = 15B829C7159B207600AB3C7C /* InfoPlist.strings */; };
		15B829CC159B207600AB3C7C /* SMStateMachineTests.m in Sources */ = {isa = PBXBuildFile; fileRef = 15B829CB159B207600AB3C7C /* SMStateMachineTests.m */; };
		15B829D1159B209200AB3C8C /* SMStateMachine.m in Sources */ = {isa = PBXBuildFile; fileRef = 15B829D1159B209200AB3C8B /* SMStateMachine.m */; };
		15CD8B7016C11C6C00634E45 /* SMMonitorNSLog.m in Sources */ = {isa = PBXBuildFile; fileRef = 15CD8B6F16C11C6C00634E45 /* SMMonitorNSLog.m */; };
		A98C720B09DF78049B576A25 /* SMAction.m in Sources */ = {isa = PBXBuildFile; fileRef = A98C74B92723A2FF0E387EDB /* SMAction.m */; };
		A98C73206644488E197BB17A /* SMState.m in Sources */ = {isa = PBXBuildFile; fileRef = A98C7D602053BC36048A1479 /* SMState.m */; };
		A98C772EE2F08E00E16FB67A /* SMStateMachineAsync.m in Sources */ = {isa = PBXBuildFile; fileRef = A98C732C25273BF1B093E4D5 /* SMStateMachineAsync.m */; };
		A98C78D8D7B04733D5D01503 /* SMDecision.m in Sources */ = {isa = PBXBuildFile; fileRef = A98C7E320DDAF9A353C700FB /* SMDecision.m */; };
		A98C7987DA6571A52932C134 /* README.md in Resources */ = {isa = PBXBuildFile; fileRef = A98C76796D9E0AC92322D51E /* README.md */; };
		A98C79BE81118EE0DD12277A /* SMTurnstileTests.m in Sources */ = {isa = PBXBuildFile; fileRef = A98C7BA6A00A511351167D83 /* SMTurnstileTests.m */; };
		A98C7EC35A0E66CE8EAE0EF4 /* SMTransition.m in Sources */ = {isa = PBXBuildFile; fileRef = A98C77AA0D9A8CE2E0791B7A /* SMTransition.m */; };
		A98C7F7514E523229225062A /* SMNode.m in Sources */ = {isa = PBXBuildFile; fileRef = A98C70B48CD57276ACF97A27 /* SMNode.m */; };
		A98C7F7A41F955F5F74DEA41 /* SMStateMachineExecuteContext.m in Sources */ = {isa = PBXBuildFile; fileRef = A98C753303B764B1FDDA73F3 /* SMStateMachineExecuteContext.m */; };
/* End PBXBuildFile section */

/* Begin PBXFileReference section */
		15B829BB159B207600AB3C7C /* SimpleStateMachineTests.octest */ = {isa = PBXFileReference; explicitFileType = wrapper.cfbundle; includeInIndex = 0; path = SimpleStateMachineTests.octest; sourceTree = BUILT_PRODUCTS_DIR; };
		15B829BE159B207600AB3C7C /* SenTestingKit.framework */ = {isa = PBXFileReference; lastKnownFileType = wrapper.framework; name = SenTestingKit.framework; path = Library/Frameworks/SenTestingKit.framework; sourceTree = DEVELOPER_DIR; };
		15B829C0159B207600AB3C7C /* UIKit.framework */ = {isa = PBXFileReference; lastKnownFileType = wrapper.framework; name = UIKit.framework; path = Library/Frameworks/UIKit.framework; sourceTree = DEVELOPER_DIR; };
		15B829C2159B207600AB3C7C /* Foundation.framework */ = {isa = PBXFileReference; lastKnownFileType = wrapper.framework; name = Foundation.framework; path = Library/Frameworks/Foundation.framework; sourceTree = DEVELOPER_DIR; };
		15B829C6159B207600AB3C7C /* SimpleStateMachineTests-Info.plist */ = {isa = PBXFileReference; lastKnownFileType = text.plist.xml; path = "SimpleStateMachineTests-Info.plist"; sourceTree = "<group>"; };
		15B829C8159B207600AB3C7C /* en */ = {isa = PBXFileReference; lastKnownFileType = text.plist.strings; name = en; path = en.lproj/InfoPlist.strings; sourceTree = "<group>"; };
		15B829CA159B207600AB3C7C /* SMStateMachineTests.h */ = {isa = PBXFileReference; lastKnownFileType = sourcecode.c.h; path = SMStateMachineTests.h; sourceTree = "<group>"; };
		15B829CB159B207600AB3C7C /* SMStateMachineTests.m */ = {isa = PBXFileReference; lastKnownFileType = sourcecode.c.objc; path = SMStateMachineTests.m; sourceTree = "<group>"; };
		15B829CD159B207600AB3C7C /* SimpleStateMachineTests-Prefix.pch */ = {isa = PBXFileReference; lastKnownFileType = sourcecode.c.h; path = "SimpleStateMachineTests-Prefix.pch"; sourceTree = "<group>"; };
		15B829D1159B209200AB3C8B /* SMStateMachine.m */ = {isa = PBXFileReference; fileEncoding = 4; lastKnownFileType = sourcecode.c.objc; path = SMStateMachine.m; sourceTree = "<group>"; };
		15B829D1159B209200AB3C8D /* SMStateMachine.h */ = {isa = PBXFileReference; fileEncoding = 4; lastKnownFileType = sourcecode.c.h; path = SMStateMachine.h; sourceTree = "<group>"; };
		15CD8B6E16C11C6C00634E45 /* SMMonitorNSLog.h */ = {isa = PBXFileReference; fileEncoding = 4; lastKnownFileType = sourcecode.c.h; path = SMMonitorNSLog.h; sourceTree = "<group>"; };
		15CD8B6F16C11C6C00634E45 /* SMMonitorNSLog.m */ = {isa = PBXFileReference; fileEncoding = 4; lastKnownFileType = sourcecode.c.objc; path = SMMonitorNSLog.m; sourceTree = "<group>"; };
		A98C70B17CF4D8006452B4D3 /* SMState.h */ = {isa = PBXFileReference; fileEncoding = 4; lastKnownFileType = sourcecode.c.h; path = SMState.h; sourceTree = "<group>"; };
		A98C70B48CD57276ACF97A27 /* SMNode.m */ = {isa = PBXFileReference; fileEncoding = 4; lastKnownFileType = sourcecode.c.objc; path = SMNode.m; sourceTree = "<group>"; };
		A98C712AF645D91AA119F2CF /* SMTransition.h */ = {isa = PBXFileReference; fileEncoding = 4; lastKnownFileType = sourcecode.c.h; path = SMTransition.h; sourceTree = "<group>"; };
		A98C71751B64166EB4354160 /* SMStateMachineExecuteContext.h */ = {isa = PBXFileReference; fileEncoding = 4; lastKnownFileType = sourcecode.c.h; path = SMStateMachineExecuteContext.h; sourceTree = "<group>"; };
		A98C724876BB043936614971 /* SMNode.h */ = {isa = PBXFileReference; fileEncoding = 4; lastKnownFileType = sourcecode.c.h; path = SMNode.h; sourceTree = "<group>"; };
		A98C732C25273BF1B093E4D5 /* SMStateMachineAsync.m */ = {isa = PBXFileReference; fileEncoding = 4; lastKnownFileType = sourcecode.c.objc; path = SMStateMachineAsync.m; sourceTree = "<group>"; };
		A98C7379883C4C44F2C85A3F /* SMCommon.h */ = {isa = PBXFileReference; fileEncoding = 4; lastKnownFileType = sourcecode.c.h; path = SMCommon.h; sourceTree = "<group>"; };
		A98C740D3B18D3BD38E49D2A /* SMDecision.h */ = {isa = PBXFileReference; fileEncoding = 4; lastKnownFileType = sourcecode.c.h; path = SMDecision.h; sourceTree = "<group>"; };
		A98C74B92723A2FF0E387EDB /* SMAction.m */ = {isa = PBXFileReference; fileEncoding = 4; lastKnownFileType = sourcecode.c.objc; path = SMAction.m; sourceTree = "<group>"; };
		A98C753303B764B1FDDA73F3 /* SMStateMachineExecuteContext.m */ = {isa = PBXFileReference; fileEncoding = 4; lastKnownFileType = sourcecode.c.objc; path = SMStateMachineExecuteContext.m; sourceTree = "<group>"; };
		A98C76796D9E0AC92322D51E /* README.md */ = {isa = PBXFileReference; lastKnownFileType = file.md; path = README.md; sourceTree = "<group>"; };
		A98C77AA0D9A8CE2E0791B7A /* SMTransition.m */ = {isa = PBXFileReference; fileEncoding = 4; lastKnownFileType = sourcecode.c.objc; path = SMTransition.m; sourceTree = "<group>"; };
		A98C78FD53C92AA81E70D98D /* SMStateMachineAsync.h */ = {isa = PBXFileReference; fileEncoding = 4; lastKnownFileType = sourcecode.c.h; path = SMStateMachineAsync.h; sourceTree = "<group>"; };
		A98C7BA6A00A511351167D83 /* SMTurnstileTests.m */ = {isa = PBXFileReference; fileEncoding = 4; lastKnownFileType = sourcecode.c.objc; path = SMTurnstileTests.m; sourceTree = "<group>"; };
		A98C7D602053BC36048A1479 /* SMState.m */ = {isa = PBXFileReference; fileEncoding = 4; lastKnownFileType = sourcecode.c.objc; path = SMState.m; sourceTree = "<group>"; };
		A98C7E320DDAF9A353C700FB /* SMDecision.m */ = {isa = PBXFileReference; fileEncoding = 4; lastKnownFileType = sourcecode.c.objc; path = SMDecision.m; sourceTree = "<group>"; };
		A98C7F9792CFACCC1D39CF21 /* SMTurnstileTests.h */ = {isa = PBXFileReference; fileEncoding = 4; lastKnownFileType = sourcecode.c.h; path = SMTurnstileTests.h; sourceTree = "<group>"; };
		A98C7FAB91958DC3D276A27B /* SMAction.h */ = {isa = PBXFileReference; fileEncoding = 4; lastKnownFileType = sourcecode.c.h; path = SMAction.h; sourceTree = "<group>"; };
/* End PBXFileReference section */

/* Begin PBXFrameworksBuildPhase section */
		15B829B7159B207600AB3C7C /* Frameworks */ = {
			isa = PBXFrameworksBuildPhase;
			buildActionMask = 2147483647;
			files = (
				15B829BF159B207600AB3C7C /* SenTestingKit.framework in Frameworks */,
				15B829C1159B207600AB3C7C /* UIKit.framework in Frameworks */,
				15B829C3159B207600AB3C7C /* Foundation.framework in Frameworks */,
			);
			runOnlyForDeploymentPostprocessing = 0;
		};
/* End PBXFrameworksBuildPhase section */

/* Begin PBXGroup section */
		15B829AC159B1F4200AB3C7C = {
			isa = PBXGroup;
			children = (
				15B829D1159B209200AB3C7C /* SimpleStateMachine */,
				15B829C4159B207600AB3C7C /* SimpleStateMachineTests */,
				15B829BD159B207600AB3C7C /* Frameworks */,
				15B829BC159B207600AB3C7C /* Products */,
				A98C76796D9E0AC92322D51E /* README.md */,
			);
			sourceTree = "<group>";
		};
		15B829BC159B207600AB3C7C /* Products */ = {
			isa = PBXGroup;
			children = (
				15B829BB159B207600AB3C7C /* SimpleStateMachineTests.octest */,
			);
			name = Products;
			sourceTree = "<group>";
		};
		15B829BD159B207600AB3C7C /* Frameworks */ = {
			isa = PBXGroup;
			children = (
				15B829BE159B207600AB3C7C /* SenTestingKit.framework */,
				15B829C0159B207600AB3C7C /* UIKit.framework */,
				15B829C2159B207600AB3C7C /* Foundation.framework */,
			);
			name = Frameworks;
			sourceTree = "<group>";
		};
		15B829C4159B207600AB3C7C /* SimpleStateMachineTests */ = {
			isa = PBXGroup;
			children = (
				15B829CA159B207600AB3C7C /* SMStateMachineTests.h */,
				15B829CB159B207600AB3C7C /* SMStateMachineTests.m */,
				A98C7F9792CFACCC1D39CF21 /* SMTurnstileTests.h */,
				A98C7BA6A00A511351167D83 /* SMTurnstileTests.m */,
				15B829C5159B207600AB3C7C /* Supporting Files */,
			);
			path = SimpleStateMachineTests;
			sourceTree = "<group>";
		};
		15B829C5159B207600AB3C7C /* Supporting Files */ = {
			isa = PBXGroup;
			children = (
				15B829C6159B207600AB3C7C /* SimpleStateMachineTests-Info.plist */,
				15B829C7159B207600AB3C7C /* InfoPlist.strings */,
				15B829CD159B207600AB3C7C /* SimpleStateMachineTests-Prefix.pch */,
			);
			name = "Supporting Files";
			sourceTree = "<group>";
		};
		15B829D1159B209200AB3C7C /* SimpleStateMachine */ = {
			isa = PBXGroup;
			children = (
				A98C7FAB91958DC3D276A27B /* SMAction.h */,
				A98C74B92723A2FF0E387EDB /* SMAction.m */,
				A98C7379883C4C44F2C85A3F /* SMCommon.h */,
				A98C740D3B18D3BD38E49D2A /* SMDecision.h */,
				A98C7E320DDAF9A353C700FB /* SMDecision.m */,
				15CD8B6E16C11C6C00634E45 /* SMMonitorNSLog.h */,
				15CD8B6F16C11C6C00634E45 /* SMMonitorNSLog.m */,
				A98C724876BB043936614971 /* SMNode.h */,
				A98C70B48CD57276ACF97A27 /* SMNode.m */,
				A98C70B17CF4D8006452B4D3 /* SMState.h */,
				A98C7D602053BC36048A1479 /* SMState.m */,
				15B829D1159B209200AB3C8D /* SMStateMachine.h */,
				15B829D1159B209200AB3C8B /* SMStateMachine.m */,
				A98C78FD53C92AA81E70D98D /* SMStateMachineAsync.h */,
				A98C732C25273BF1B093E4D5 /* SMStateMachineAsync.m */,
				A98C71751B64166EB4354160 /* SMStateMachineExecuteContext.h */,
				A98C753303B764B1FDDA73F3 /* SMStateMachineExecuteContext.m */,
				A98C712AF645D91AA119F2CF /* SMTransition.h */,
				A98C77AA0D9A8CE2E0791B7A /* SMTransition.m */,
			);
			name = SimpleStateMachine;
			sourceTree = "<group>";
		};
/* End PBXGroup section */

/* Begin PBXNativeTarget section */
		15B829BA159B207600AB3C7C /* SimpleStateMachineTests */ = {
			isa = PBXNativeTarget;
			buildConfigurationList = 15B829CE159B207600AB3C7C /* Build configuration list for PBXNativeTarget "SimpleStateMachineTests" */;
			buildPhases = (
				15B829B6159B207600AB3C7C /* Sources */,
				15B829B7159B207600AB3C7C /* Frameworks */,
				15B829B8159B207600AB3C7C /* Resources */,
				15B829B9159B207600AB3C7C /* ShellScript */,
			);
			buildRules = (
			);
			dependencies = (
			);
			name = SimpleStateMachineTests;
			productName = SimpleStateMachineTests;
			productReference = 15B829BB159B207600AB3C7C /* SimpleStateMachineTests.octest */;
			productType = "com.apple.product-type.bundle";
		};
/* End PBXNativeTarget section */

/* Begin PBXProject section */
		15B829AE159B1F4200AB3C7C /* Project object */ = {
			isa = PBXProject;
			attributes = {
				LastUpgradeCheck = 0430;
			};
			buildConfigurationList = 15B829B1159B1F4200AB3C7C /* Build configuration list for PBXProject "SimpleStateMachine" */;
			compatibilityVersion = "Xcode 3.2";
			developmentRegion = English;
			hasScannedForEncodings = 0;
			knownRegions = (
				en,
			);
			mainGroup = 15B829AC159B1F4200AB3C7C;
			productRefGroup = 15B829BC159B207600AB3C7C /* Products */;
			projectDirPath = "";
			projectRoot = "";
			targets = (
				15B829BA159B207600AB3C7C /* SimpleStateMachineTests */,
			);
		};
/* End PBXProject section */

/* Begin PBXResourcesBuildPhase section */
		15B829B8159B207600AB3C7C /* Resources */ = {
			isa = PBXResourcesBuildPhase;
			buildActionMask = 2147483647;
			files = (
				15B829C9159B207600AB3C7C /* InfoPlist.strings in Resources */,
				A98C7987DA6571A52932C134 /* README.md in Resources */,
			);
			runOnlyForDeploymentPostprocessing = 0;
		};
/* End PBXResourcesBuildPhase section */

/* Begin PBXShellScriptBuildPhase section */
		15B829B9159B207600AB3C7C /* ShellScript */ = {
			isa = PBXShellScriptBuildPhase;
			buildActionMask = 2147483647;
			files = (
			);
			inputPaths = (
			);
			outputPaths = (
			);
			runOnlyForDeploymentPostprocessing = 0;
			shellPath = /bin/sh;
			shellScript = "# Run the unit tests in this test bundle.\n\"${SYSTEM_DEVELOPER_DIR}/Tools/RunUnitTests\"\n";
		};
/* End PBXShellScriptBuildPhase section */

/* Begin PBXSourcesBuildPhase section */
		15B829B6159B207600AB3C7C /* Sources */ = {
			isa = PBXSourcesBuildPhase;
			buildActionMask = 2147483647;
			files = (
				15B829CC159B207600AB3C7C /* SMStateMachineTests.m in Sources */,
				15B829D1159B209200AB3C8C /* SMStateMachine.m in Sources */,
				A98C7EC35A0E66CE8EAE0EF4 /* SMTransition.m in Sources */,
				A98C720B09DF78049B576A25 /* SMAction.m in Sources */,
				A98C73206644488E197BB17A /* SMState.m in Sources */,
				A98C7F7514E523229225062A /* SMNode.m in Sources */,
				A98C78D8D7B04733D5D01503 /* SMDecision.m in Sources */,
				A98C7F7A41F955F5F74DEA41 /* SMStateMachineExecuteContext.m in Sources */,
				A98C79BE81118EE0DD12277A /* SMTurnstileTests.m in Sources */,
				A98C772EE2F08E00E16FB67A /* SMStateMachineAsync.m in Sources */,
				15CD8B7016C11C6C00634E45 /* SMMonitorNSLog.m in Sources */,
			);
			runOnlyForDeploymentPostprocessing = 0;
		};
/* End PBXSourcesBuildPhase section */

/* Begin PBXVariantGroup section */
		15B829C7159B207600AB3C7C /* InfoPlist.strings */ = {
			isa = PBXVariantGroup;
			children = (
				15B829C8159B207600AB3C7C /* en */,
			);
			name = InfoPlist.strings;
			sourceTree = "<group>";
		};
/* End PBXVariantGroup section */

/* Begin XCBuildConfiguration section */
		15B829B3159B1F4200AB3C7C /* Debug */ = {
			isa = XCBuildConfiguration;
			buildSettings = {
			};
			name = Debug;
		};
		15B829B4159B1F4200AB3C7C /* Release */ = {
			isa = XCBuildConfiguration;
			buildSettings = {
			};
			name = Release;
		};
		15B829CF159B207600AB3C7C /* Debug */ = {
			isa = XCBuildConfiguration;
			buildSettings = {
				ALWAYS_SEARCH_USER_PATHS = NO;
				ARCHS = "$(ARCHS_STANDARD_32_BIT)";
				CLANG_ENABLE_OBJC_ARC = YES;
				COPY_PHASE_STRIP = NO;
				FRAMEWORK_SEARCH_PATHS = (
					"$(SDKROOT)/Developer/Library/Frameworks",
					"$(DEVELOPER_LIBRARY_DIR)/Frameworks",
				);
				GCC_C_LANGUAGE_STANDARD = gnu99;
				GCC_DYNAMIC_NO_PIC = NO;
				GCC_OPTIMIZATION_LEVEL = 0;
				GCC_PRECOMPILE_PREFIX_HEADER = YES;
				GCC_PREFIX_HEADER = "SimpleStateMachineTests/SimpleStateMachineTests-Prefix.pch";
				GCC_PREPROCESSOR_DEFINITIONS = (
					"DEBUG=1",
					"$(inherited)",
				);
				GCC_SYMBOLS_PRIVATE_EXTERN = NO;
				GCC_VERSION = com.apple.compilers.llvm.clang.1_0;
				GCC_WARN_ABOUT_RETURN_TYPE = YES;
				GCC_WARN_UNINITIALIZED_AUTOS = YES;
				GCC_WARN_UNUSED_VARIABLE = YES;
				INFOPLIST_FILE = "SimpleStateMachineTests/SimpleStateMachineTests-Info.plist";
				IPHONEOS_DEPLOYMENT_TARGET = 5.1;
				PRODUCT_NAME = "$(TARGET_NAME)";
				SDKROOT = iphoneos;
				WRAPPER_EXTENSION = octest;
			};
			name = Debug;
		};
		15B829D0159B207600AB3C7C /* Release */ = {
			isa = XCBuildConfiguration;
			buildSettings = {
				ALWAYS_SEARCH_USER_PATHS = NO;
				ARCHS = "$(ARCHS_STANDARD_32_BIT)";
				CLANG_ENABLE_OBJC_ARC = YES;
				COPY_PHASE_STRIP = YES;
				FRAMEWORK_SEARCH_PATHS = (
					"$(SDKROOT)/Developer/Library/Frameworks",
					"$(DEVELOPER_LIBRARY_DIR)/Frameworks",
				);
				GCC_C_LANGUAGE_STANDARD = gnu99;
				GCC_PRECOMPILE_PREFIX_HEADER = YES;
				GCC_PREFIX_HEADER = "SimpleStateMachineTests/SimpleStateMachineTests-Prefix.pch";
				GCC_VERSION = com.apple.compilers.llvm.clang.1_0;
				GCC_WARN_ABOUT_RETURN_TYPE = YES;
				GCC_WARN_UNINITIALIZED_AUTOS = YES;
				GCC_WARN_UNUSED_VARIABLE = YES;
				INFOPLIST_FILE = "SimpleStateMachineTests/SimpleStateMachineTests-Info.plist";
				IPHONEOS_DEPLOYMENT_TARGET = 5.1;
				PRODUCT_NAME = "$(TARGET_NAME)";
				SDKROOT = iphoneos;
				VALIDATE_PRODUCT = YES;
				WRAPPER_EXTENSION = octest;
			};
			name = Release;
		};
/* End XCBuildConfiguration section */

/* Begin XCConfigurationList section */
		15B829B1159B1F4200AB3C7C /* Build configuration list for PBXProject "SimpleStateMachine" */ = {
			isa = XCConfigurationList;
			buildConfigurations = (
				15B829B3159B1F4200AB3C7C /* Debug */,
				15B829B4159B1F4200AB3C7C /* Release */,
			);
			defaultConfigurationIsVisible = 0;
			defaultConfigurationName = Release;
		};
		15B829CE159B207600AB3C7C /* Build configuration list for PBXNativeTarget "SimpleStateMachineTests" */ = {
			isa = XCConfigurationList;
			buildConfigurations = (
				15B829CF159B207600AB3C7C /* Debug */,
				15B829D0159B207600AB3C7C /* Release */,
			);
			defaultConfigurationIsVisible = 0;
			defaultConfigurationName = Release;
		};
/* End XCConfigurationList section */
	};
	rootObject = 15B829AE159B1F4200AB3C7C /* Project object */;
}
